{
	"name": "cepheus-axios",
	"version": "0.0.0",
	"lockfileVersion": 1,
	"requires": true,
	"dependencies": {
		"@babel/runtime": {
			"version": "7.17.9",
			"resolved": "https://registry.npmmirror.com/@babel/runtime/-/runtime-7.17.9.tgz",
			"integrity": "sha512-lSiBBvodq29uShpWGNbgFdKYNiFDo5/HIYsaCEY9ff4sb10x9jizo2+pRrSyF4jKZCXqgzuqBOQKbUm90gQwJg==",
			"requires": {
				"regenerator-runtime": "^0.13.4"
			}
		},
		"@tarojs/api": {
			"version": "3.4.9",
			"resolved": "https://registry.npmmirror.com/@tarojs/api/-/api-3.4.9.tgz",
			"integrity": "sha512-XCKI4aHduEKdoqtlEi7aQ7cOlXTkVik6i4sNA9c//AolXH/IXmcG4dfeKf99McIgTA30jiGuKLNDepvjDoxhXA==",
			"requires": {
				"@babel/runtime": "^7.14.5",
				"@tarojs/runtime": "3.4.9"
			}
		},
		"@tarojs/router": {
			"version": "3.4.9",
			"resolved": "https://registry.npmmirror.com/@tarojs/router/-/router-3.4.9.tgz",
			"integrity": "sha512-RHQoMKpa3FmsNCkJ+CS1mHj5YPs1YrE8eQNUvRT2ouE+BUOFBtOQDMdqcBcsEvNVxbbHi2CP1gSwgBuzTlveFQ==",
			"requires": {
				"@tarojs/runtime": "3.4.9",
				"@tarojs/taro": "3.4.9",
				"history": "^5.1.0",
				"query-string": "^7.1.1",
				"universal-router": "^8.3.0"
			}
		},
		"@tarojs/runtime": {
			"version": "3.4.9",
			"resolved": "https://registry.npmmirror.com/@tarojs/runtime/-/runtime-3.4.9.tgz",
			"integrity": "sha512-2MBXU6A+jCZMgSlwM/Ac77WNslBKPcJw1ww+zBc5c03PzI5eGqwwjuvFBkKy83cos7LN/myILoxEXT6MrGBkcg==",
			"requires": {
				"@tarojs/shared": "3.4.9",
				"inversify": "5.1.1",
				"lodash-es": "4.17.15",
				"reflect-metadata": "^0.1.13"
			}
		},
		"@tarojs/shared": {
			"version": "3.4.9",
			"resolved": "https://registry.npmmirror.com/@tarojs/shared/-/shared-3.4.9.tgz",
			"integrity": "sha512-UfatG2w1tJSomoFgTkg4U8cdO4RzpXjs4SUOwyUShSyhI/IeursJYlXDWjc236GGmwQBlG7OWvbA8VIwR5ESdw=="
		},
		"@tarojs/taro": {
			"version": "3.4.9",
			"resolved": "https://registry.npmmirror.com/@tarojs/taro/-/taro-3.4.9.tgz",
			"integrity": "sha512-Sy0U7FdoEmKYDiSAu2QNjH0P9jM10tSSQsU50Wnbop3VdF0iHYXQVmSDfXofdOHag5AsAdhWgXMZPEvIb30AeA==",
			"requires": {
				"@tarojs/api": "3.4.9",
				"@tarojs/runtime": "3.4.9",
				"@tarojs/taro-h5": "3.4.9"
			}
		},
		"@tarojs/taro-h5": {
			"version": "3.4.9",
			"resolved": "https://registry.npmmirror.com/@tarojs/taro-h5/-/taro-h5-3.4.9.tgz",
			"integrity": "sha512-Pk0pZ2kneY91RbEGgUXg8OkGPKI35O5Je7tF/I2L1FRSt+HB1DStk9clGMrpJ+ue7loWWrQuhhAJkdJdNtDq7w==",
			"requires": {
				"@tarojs/api": "3.4.9",
				"@tarojs/router": "3.4.9",
				"@tarojs/runtime": "3.4.9",
				"@tarojs/taro": "3.4.9",
				"base64-js": "^1.3.0",
				"jsonp-retry": "^1.0.3",
				"mobile-detect": "^1.4.2",
				"query-string": "^7.1.1",
				"whatwg-fetch": "^3.4.0"
			}
		},
		"axios": {
			"version": "0.19.2",
			"resolved": "https://registry.npmmirror.com/axios/-/axios-0.19.2.tgz",
			"integrity": "sha512-fjgm5MvRHLhx+osE2xoekY70AhARk3a6hkN+3Io1jc00jtquGvxYlKlsFUhmUET0V5te6CcZI7lcv2Ym61mjHA==",
			"requires": {
				"follow-redirects": "1.5.10"
			}
		},
		"base64-js": {
			"version": "1.5.1",
			"resolved": "https://registry.npmmirror.com/base64-js/-/base64-js-1.5.1.tgz",
			"integrity": "sha512-AKpaYlHn8t4SVbOHCy+b5+KKgvR4vrsD8vbvrbiQJps7fKDTkjkDry6ji0rUJjC0kzbNePLwzxq8iypo41qeWA=="
		},
		"debug": {
			"version": "3.1.0",
			"resolved": "https://registry.npmmirror.com/debug/-/debug-3.1.0.tgz",
			"integrity": "sha512-OX8XqP7/1a9cqkxYw2yXss15f26NKWBpDXQd0/uK/KPqdQhxbPa994hnzjcE2VqQpDslf55723cKPUOGSmMY3g==",
			"requires": {
				"ms": "2.0.0"
			}
		},
		"decode-uri-component": {
			"version": "0.2.0",
			"resolved": "https://registry.npmmirror.com/decode-uri-component/-/decode-uri-component-0.2.0.tgz",
			"integrity": "sha512-hjf+xovcEn31w/EUYdTXQh/8smFL/dzYjohQGEIgjyNavaJfBY2p5F527Bo1VPATxv0VYTUC2bOcXvqFwk78Og=="
		},
		"filter-obj": {
			"version": "1.1.0",
			"resolved": "https://registry.npmmirror.com/filter-obj/-/filter-obj-1.1.0.tgz",
			"integrity": "sha512-8rXg1ZnX7xzy2NGDVkBVaAy+lSlPNwad13BtgSlLuxfIslyt5Vg64U7tFcCt4WS1R0hvtnQybT/IyCkGZ3DpXQ=="
		},
		"follow-redirects": {
			"version": "1.5.10",
			"resolved": "https://registry.npmmirror.com/follow-redirects/-/follow-redirects-1.5.10.tgz",
			"integrity": "sha512-0V5l4Cizzvqt5D44aTXbFZz+FtyXV1vrDN6qrelxtfYQKW0KO0W2T/hkE8xvGa/540LkZlkaUjO4ailYTFtHVQ==",
			"requires": {
				"debug": "=3.1.0"
			}
		},
		"history": {
			"version": "5.3.0",
			"resolved": "https://registry.npmmirror.com/history/-/history-5.3.0.tgz",
			"integrity": "sha512-ZqaKwjjrAYUYfLG+htGaIIZ4nioX2L70ZUMIFysS3xvBsSG4x/n1V6TXV3N8ZYNuFGlDirFg32T7B6WOUPDYcQ==",
			"requires": {
				"@babel/runtime": "^7.7.6"
			}
		},
		"inversify": {
			"version": "5.1.1",
			"resolved": "https://registry.npmmirror.com/inversify/-/inversify-5.1.1.tgz",
			"integrity": "sha512-j8grHGDzv1v+8T1sAQ+3boTCntFPfvxLCkNcxB1J8qA0lUN+fAlSyYd+RXKvaPRL4AGyPxViutBEJHNXOyUdFQ=="
		},
		"jsonp-retry": {
			"version": "1.0.3",
			"resolved": "https://registry.npmmirror.com/jsonp-retry/-/jsonp-retry-1.0.3.tgz",
			"integrity": "sha512-/jmE9+shtKP+oIt2AWO9Wx+C27NTGpLCEw4QHOqpoV2X6ta374HE9C+EEdgu8r3iLKgFMx7u5j0mCwxWN8UdlA==",
			"requires": {
				"object-assign": "^4.1.1"
			}
		},
		"lodash-es": {
			"version": "4.17.15",
			"resolved": "https://registry.npmmirror.com/lodash-es/-/lodash-es-4.17.15.tgz",
			"integrity": "sha512-rlrc3yU3+JNOpZ9zj5pQtxnx2THmvRykwL4Xlxoa8I9lHBlVbbyPhgyPMioxVZ4NqyxaVVtaJnzsyOidQIhyyQ=="
		},
		"mobile-detect": {
			"version": "1.4.5",
			"resolved": "https://registry.npmmirror.com/mobile-detect/-/mobile-detect-1.4.5.tgz",
			"integrity": "sha512-yc0LhH6tItlvfLBugVUEtgawwFU2sIe+cSdmRJJCTMZ5GEJyLxNyC/NIOAOGk67Fa8GNpOttO3Xz/1bHpXFD/g=="
		},
		"ms": {
			"version": "2.0.0",
			"resolved": "https://registry.npmmirror.com/ms/-/ms-2.0.0.tgz",
			"integrity": "sha512-Tpp60P6IUJDTuOq/5Z8cdskzJujfwqfOTkrwIwj7IRISpnkJnT6SyJ4PCPnGMoFjC9ddhal5KVIYtAt97ix05A=="
		},
		"object-assign": {
			"version": "4.1.1",
			"resolved": "https://registry.npmmirror.com/object-assign/-/object-assign-4.1.1.tgz",
			"integrity": "sha512-rJgTQnkUnH1sFw8yT6VSU3zD3sWmu6sZhIseY8VX+GRu3P6F7Fu+JNDoXfklElbLJSnc3FUQHVe4cU5hj+BcUg=="
		},
		"path-to-regexp": {
			"version": "3.2.0",
			"resolved": "https://registry.npmmirror.com/path-to-regexp/-/path-to-regexp-3.2.0.tgz",
			"integrity": "sha512-jczvQbCUS7XmS7o+y1aEO9OBVFeZBQ1MDSEqmO7xSoPgOPoowY/SxLpZ6Vh97/8qHZOteiCKb7gkG9gA2ZUxJA=="
		},
		"query-string": {
			"version": "7.1.1",
			"resolved": "https://registry.npmmirror.com/query-string/-/query-string-7.1.1.tgz",
			"integrity": "sha512-MplouLRDHBZSG9z7fpuAAcI7aAYjDLhtsiVZsevsfaHWDS2IDdORKbSd1kWUA+V4zyva/HZoSfpwnYMMQDhb0w==",
			"requires": {
				"decode-uri-component": "^0.2.0",
				"filter-obj": "^1.1.0",
				"split-on-first": "^1.0.0",
				"strict-uri-encode": "^2.0.0"
			}
		},
		"reflect-metadata": {
			"version": "0.1.13",
			"resolved": "https://registry.npmmirror.com/reflect-metadata/-/reflect-metadata-0.1.13.tgz",
			"integrity": "sha512-Ts1Y/anZELhSsjMcU605fU9RE4Oi3p5ORujwbIKXfWa+0Zxs510Qrmrce5/Jowq3cHSZSJqBjypxmHarc+vEWg=="
		},
		"regenerator-runtime": {
			"version": "0.13.9",
			"resolved": "https://registry.npmmirror.com/regenerator-runtime/-/regenerator-runtime-0.13.9.tgz",
			"integrity": "sha512-p3VT+cOEgxFsRRA9X4lkI1E+k2/CtnKtU4gcxyaCUreilL/vqI6CdZ3wxVUx3UOUg+gnUOQQcRI7BmSI656MYA=="
		},
		"split-on-first": {
			"version": "1.1.0",
			"resolved": "https://registry.npmmirror.com/split-on-first/-/split-on-first-1.1.0.tgz",
			"integrity": "sha512-43ZssAJaMusuKWL8sKUBQXHWOpq8d6CfN/u1p4gUzfJkM05C8rxTmYrkIPTXapZpORA6LkkzcUulJ8FqA7Uudw=="
		},
		"strict-uri-encode": {
			"version": "2.0.0",
			"resolved": "https://registry.npmmirror.com/strict-uri-encode/-/strict-uri-encode-2.0.0.tgz",
			"integrity": "sha512-QwiXZgpRcKkhTj2Scnn++4PKtWsH0kpzZ62L2R6c/LUVYv7hVnZqcg2+sMuT6R7Jusu1vviK/MFsu6kNJfWlEQ=="
		},
		"taro-axios": {
			"version": "1.1.1",
			"resolved": "https://registry.npmmirror.com/taro-axios/-/taro-axios-1.1.1.tgz",
			"integrity": "sha512-Ahbxef5w6uy6wiJkooOxQbEeiqyE5vt/ikUe/bPDDhguZ7NjDSeGlNqvzLW+3lyT8ZFV+s5oqMI2EZ5c2Edwgg==",
			"requires": {
				"axios": "0.19.2"
			}
		},
		"universal-router": {
			"version": "8.3.0",
			"resolved": "https://registry.npmmirror.com/universal-router/-/universal-router-8.3.0.tgz",
			"integrity": "sha512-cBkihRoHvRQAjdUnDE1GGuuw/TPAIi8z2pEsSmUVAWLeZdgjHzzAb1+0VOO6NvBOvySItOTQikzaGlRxRdJBnA==",
			"requires": {
				"path-to-regexp": "^3.1.0"
			}
		},
		"whatwg-fetch": {
			"version": "3.6.2",
			"resolved": "https://registry.npmmirror.com/whatwg-fetch/-/whatwg-fetch-3.6.2.tgz",
			"integrity": "sha512-bJlen0FcuU/0EMLrdbJ7zOnW6ITZLrZMIarMUVmdKtsGvZna8vxKYaexICWPfZ8qwf9fzNq+UEIZrnSaApt6RA=="
		}
	}
}
